
Microsoft Visual Studio Solution File, Format Version 12.00
# Visual Studio Version 17
VisualStudioVersion = 17.10.35122.118
MinimumVisualStudioVersion = 10.0.40219.1
Project("{FAE04EC0-301F-11D3-BF4B-00C04F79EFBC}") = "LibraAnalyse", "LibraAnalyse\LibraAnalyse.csproj", "{A76D6CB5-8506-4133-802C-1F92440BB85F}"
EndProject
Global
	GlobalSection(SolutionConfigurationPlatforms) = preSolution
		Debug|Any CPU = Debug|Any CPU
		Release|Any CPU = Release|Any CPU
	EndGlobalSection
	GlobalSection(ProjectConfigurationPlatforms) = postSolution
		{A76D6CB5-8506-4133-802C-1F92440BB85F}.Debug|Any CPU.ActiveCfg = Debug|Any CPU
		{A76D6CB5-8506-4133-802C-1F92440BB85F}.Debug|Any CPU.Build.0 = Debug|Any CPU
		{A76D6CB5-8506-4133-802C-1F92440BB85F}.Release|Any CPU.ActiveCfg = Release|Any CPU
		{A76D6CB5-8506-4133-802C-1F92440BB85F}.Release|Any CPU.Build.0 = Release|Any CPU
	EndGlobalSection
	GlobalSection(SolutionProperties) = preSolution
		HideSolutionNode = FALSE
	EndGlobalSection
	GlobalSection(ExtensibilityGlobals) = postSolution
		SolutionGuid = {136DF786-5357-4D2D-87D6-72C41FC76F30}
	EndGlobalSection
EndGlobal
